
Microsoft Visual Studio Solution File, Format Version 12.00
# Visual Studio Version 16
VisualStudioVersion = 16.0.29806.167
MinimumVisualStudioVersion = 15.0.26124.0
Project("{9A19103F-16F7-4668-BE54-9A1E7A4F7556}") = "Domain", "Domain\Domain.csproj", "{49CF261F-0B9C-4BC7-A9CD-AFACE0F6E292}"
EndProject
Project("{9A19103F-16F7-4668-BE54-9A1E7A4F7556}") = "Application", "Application\Application.csproj", "{26A68587-98B0-402A-ADCD-BD86942ED5F4}"
EndProject
Project("{9A19103F-16F7-4668-BE54-9A1E7A4F7556}") = "API", "API\API.csproj", "{630A514F-A997-4976-9FDB-B4F3E2C2D5B1}"
EndProject
Project("{9A19103F-16F7-4668-BE54-9A1E7A4F7556}") = "DataAccess", "DataAccess\DataAccess.csproj", "{E482B273-437C-4FDA-8EA1-66EB4E7FAB8F}"
EndProject
Project("{FAE04EC0-301F-11D3-BF4B-00C04F79EFBC}") = "Infrastructure", "Infrastructure\Infrastructure.csproj", "{89D8A4C7-170B-4316-89B3-4B02DA289ABE}"
EndProject
Global
	GlobalSection(SolutionConfigurationPlatforms) = preSolution
		Debug|Any CPU = Debug|Any CPU
		Debug|x64 = Debug|x64
		Debug|x86 = Debug|x86
		Release|Any CPU = Release|Any CPU
		Release|x64 = Release|x64
		Release|x86 = Release|x86
	EndGlobalSection
	GlobalSection(ProjectConfigurationPlatforms) = postSolution
		{49CF261F-0B9C-4BC7-A9CD-AFACE0F6E292}.Debug|Any CPU.ActiveCfg = Debug|Any CPU
		{49CF261F-0B9C-4BC7-A9CD-AFACE0F6E292}.Debug|Any CPU.Build.0 = Debug|Any CPU
		{49CF261F-0B9C-4BC7-A9CD-AFACE0F6E292}.Debug|x64.ActiveCfg = Debug|Any CPU
		{49CF261F-0B9C-4BC7-A9CD-AFACE0F6E292}.Debug|x64.Build.0 = Debug|Any CPU
		{49CF261F-0B9C-4BC7-A9CD-AFACE0F6E292}.Debug|x86.ActiveCfg = Debug|Any CPU
		{49CF261F-0B9C-4BC7-A9CD-AFACE0F6E292}.Debug|x86.Build.0 = Debug|Any CPU
		{49CF261F-0B9C-4BC7-A9CD-AFACE0F6E292}.Release|Any CPU.ActiveCfg = Release|Any CPU
		{49CF261F-0B9C-4BC7-A9CD-AFACE0F6E292}.Release|Any CPU.Build.0 = Release|Any CPU
		{49CF261F-0B9C-4BC7-A9CD-AFACE0F6E292}.Release|x64.ActiveCfg = Release|Any CPU
		{49CF261F-0B9C-4BC7-A9CD-AFACE0F6E292}.Release|x64.Build.0 = Release|Any CPU
		{49CF261F-0B9C-4BC7-A9CD-AFACE0F6E292}.Release|x86.ActiveCfg = Release|Any CPU
		{49CF261F-0B9C-4BC7-A9CD-AFACE0F6E292}.Release|x86.Build.0 = Release|Any CPU
		{26A68587-98B0-402A-ADCD-BD86942ED5F4}.Debug|Any CPU.ActiveCfg = Debug|Any CPU
		{26A68587-98B0-402A-ADCD-BD86942ED5F4}.Debug|Any CPU.Build.0 = Debug|Any CPU
		{26A68587-98B0-402A-ADCD-BD86942ED5F4}.Debug|x64.ActiveCfg = Debug|Any CPU
		{26A68587-98B0-402A-ADCD-BD86942ED5F4}.Debug|x64.Build.0 = Debug|Any CPU
		{26A68587-98B0-402A-ADCD-BD86942ED5F4}.Debug|x86.ActiveCfg = Debug|Any CPU
		{26A68587-98B0-402A-ADCD-BD86942ED5F4}.Debug|x86.Build.0 = Debug|Any CPU
		{26A68587-98B0-402A-ADCD-BD86942ED5F4}.Release|Any CPU.ActiveCfg = Release|Any CPU
		{26A68587-98B0-402A-ADCD-BD86942ED5F4}.Release|Any CPU.Build.0 = Release|Any CPU
		{26A68587-98B0-402A-ADCD-BD86942ED5F4}.Release|x64.ActiveCfg = Release|Any CPU
		{26A68587-98B0-402A-ADCD-BD86942ED5F4}.Release|x64.Build.0 = Release|Any CPU
		{26A68587-98B0-402A-ADCD-BD86942ED5F4}.Release|x86.ActiveCfg = Release|Any CPU
		{26A68587-98B0-402A-ADCD-BD86942ED5F4}.Release|x86.Build.0 = Release|Any CPU
		{630A514F-A997-4976-9FDB-B4F3E2C2D5B1}.Debug|Any CPU.ActiveCfg = Debug|Any CPU
		{630A514F-A997-4976-9FDB-B4F3E2C2D5B1}.Debug|Any CPU.Build.0 = Debug|Any CPU
		{630A514F-A997-4976-9FDB-B4F3E2C2D5B1}.Debug|x64.ActiveCfg = Debug|Any CPU
		{630A514F-A997-4976-9FDB-B4F3E2C2D5B1}.Debug|x64.Build.0 = Debug|Any CPU
		{630A514F-A997-4976-9FDB-B4F3E2C2D5B1}.Debug|x86.ActiveCfg = Debug|Any CPU
		{630A514F-A997-4976-9FDB-B4F3E2C2D5B1}.Debug|x86.Build.0 = Debug|Any CPU
		{630A514F-A997-4976-9FDB-B4F3E2C2D5B1}.Release|Any CPU.ActiveCfg = Release|Any CPU
		{630A514F-A997-4976-9FDB-B4F3E2C2D5B1}.Release|Any CPU.Build.0 = Release|Any CPU
		{630A514F-A997-4976-9FDB-B4F3E2C2D5B1}.Release|x64.ActiveCfg = Release|Any CPU
		{630A514F-A997-4976-9FDB-B4F3E2C2D5B1}.Release|x64.Build.0 = Release|Any CPU
		{630A514F-A997-4976-9FDB-B4F3E2C2D5B1}.Release|x86.ActiveCfg = Release|Any CPU
		{630A514F-A997-4976-9FDB-B4F3E2C2D5B1}.Release|x86.Build.0 = Release|Any CPU
		{E482B273-437C-4FDA-8EA1-66EB4E7FAB8F}.Debug|Any CPU.ActiveCfg = Debug|Any CPU
		{E482B273-437C-4FDA-8EA1-66EB4E7FAB8F}.Debug|Any CPU.Build.0 = Debug|Any CPU
		{E482B273-437C-4FDA-8EA1-66EB4E7FAB8F}.Debug|x64.ActiveCfg = Debug|Any CPU
		{E482B273-437C-4FDA-8EA1-66EB4E7FAB8F}.Debug|x64.Build.0 = Debug|Any CPU
		{E482B273-437C-4FDA-8EA1-66EB4E7FAB8F}.Debug|x86.ActiveCfg = Debug|Any CPU
		{E482B273-437C-4FDA-8EA1-66EB4E7FAB8F}.Debug|x86.Build.0 = Debug|Any CPU
		{E482B273-437C-4FDA-8EA1-66EB4E7FAB8F}.Release|Any CPU.ActiveCfg = Release|Any CPU
		{E482B273-437C-4FDA-8EA1-66EB4E7FAB8F}.Release|Any CPU.Build.0 = Release|Any CPU
		{E482B273-437C-4FDA-8EA1-66EB4E7FAB8F}.Release|x64.ActiveCfg = Release|Any CPU
		{E482B273-437C-4FDA-8EA1-66EB4E7FAB8F}.Release|x64.Build.0 = Release|Any CPU
		{E482B273-437C-4FDA-8EA1-66EB4E7FAB8F}.Release|x86.ActiveCfg = Release|Any CPU
		{E482B273-437C-4FDA-8EA1-66EB4E7FAB8F}.Release|x86.Build.0 = Release|Any CPU
		{89D8A4C7-170B-4316-89B3-4B02DA289ABE}.Debug|Any CPU.ActiveCfg = Debug|Any CPU
		{89D8A4C7-170B-4316-89B3-4B02DA289ABE}.Debug|Any CPU.Build.0 = Debug|Any CPU
		{89D8A4C7-170B-4316-89B3-4B02DA289ABE}.Debug|x64.ActiveCfg = Debug|Any CPU
		{89D8A4C7-170B-4316-89B3-4B02DA289ABE}.Debug|x64.Build.0 = Debug|Any CPU
		{89D8A4C7-170B-4316-89B3-4B02DA289ABE}.Debug|x86.ActiveCfg = Debug|Any CPU
		{89D8A4C7-170B-4316-89B3-4B02DA289ABE}.Debug|x86.Build.0 = Debug|Any CPU
		{89D8A4C7-170B-4316-89B3-4B02DA289ABE}.Release|Any CPU.ActiveCfg = Release|Any CPU
		{89D8A4C7-170B-4316-89B3-4B02DA289ABE}.Release|Any CPU.Build.0 = Release|Any CPU
		{89D8A4C7-170B-4316-89B3-4B02DA289ABE}.Release|x64.ActiveCfg = Release|Any CPU
		{89D8A4C7-170B-4316-89B3-4B02DA289ABE}.Release|x64.Build.0 = Release|Any CPU
		{89D8A4C7-170B-4316-89B3-4B02DA289ABE}.Release|x86.ActiveCfg = Release|Any CPU
		{89D8A4C7-170B-4316-89B3-4B02DA289ABE}.Release|x86.Build.0 = Release|Any CPU
	EndGlobalSection
	GlobalSection(SolutionProperties) = preSolution
		HideSolutionNode = FALSE
	EndGlobalSection
	GlobalSection(ExtensibilityGlobals) = postSolution
		SolutionGuid = {94BB6C1A-AB67-49C2-8536-096E3C0253AF}
	EndGlobalSection
EndGlobal
